
Microsoft Visual Studio Solution File, Format Version 12.00
# Visual Studio Version 16
VisualStudioVersion = 16.0.31515.178
MinimumVisualStudioVersion = 10.0.40219.1
Project("{FAE04EC0-301F-11D3-BF4B-00C04F79EFBC}") = "RiskAssessment", "RiskAssessment.csproj", "{7BF84C40-3597-4CC7-90A9-2E2A698193B0}"
EndProject
Global
	GlobalSection(SolutionConfigurationPlatforms) = preSolution
		Debug|Any CPU = Debug|Any CPU
		Release|Any CPU = Release|Any CPU
	EndGlobalSection
	GlobalSection(ProjectConfigurationPlatforms) = postSolution
		{7BF84C40-3597-4CC7-90A9-2E2A698193B0}.Debug|Any CPU.ActiveCfg = Debug|Any CPU
		{7BF84C40-3597-4CC7-90A9-2E2A698193B0}.Debug|Any CPU.Build.0 = Debug|Any CPU
		{7BF84C40-3597-4CC7-90A9-2E2A698193B0}.Release|Any CPU.ActiveCfg = Release|Any CPU
		{7BF84C40-3597-4CC7-90A9-2E2A698193B0}.Release|Any CPU.Build.0 = Release|Any CPU
	EndGlobalSection
	GlobalSection(SolutionProperties) = preSolution
		HideSolutionNode = FALSE
	EndGlobalSection
	GlobalSection(ExtensibilityGlobals) = postSolution
		SolutionGuid = {7C3C9265-116B-461E-975A-0C4FC69307A0}
	EndGlobalSection
EndGlobal
